
Microsoft Visual Studio Solution File, Format Version 12.00
# Visual Studio 2015
Project("{FAE04EC0-301F-11D3-BF4B-00C04F79EFBC}") = "gomiatume.CSharp.Plugins", "gomiatume.CSharp.Plugins.csproj", "{4E567894-B5D8-FB56-2500-332A92B8DC67}"
EndProject
Project("{FAE04EC0-301F-11D3-BF4B-00C04F79EFBC}") = "gomiatume.CSharp", "gomiatume.CSharp.csproj", "{84525CCD-5BEB-7AC5-8261-D6A442E6C235}"
EndProject
Project("{FAE04EC0-301F-11D3-BF4B-00C04F79EFBC}") = "gomiatume.CSharp.Editor", "gomiatume.CSharp.Editor.csproj", "{688E075E-45F6-F952-A5FB-DBC2DF690376}"
EndProject
Global
	GlobalSection(SolutionConfigurationPlatforms) = preSolution
		Debug|Any CPU = Debug|Any CPU
		Release|Any CPU = Release|Any CPU
	EndGlobalSection
	GlobalSection(ProjectConfigurationPlatforms) = postSolution
		{4E567894-B5D8-FB56-2500-332A92B8DC67}.Debug|Any CPU.ActiveCfg = Debug|Any CPU
		{4E567894-B5D8-FB56-2500-332A92B8DC67}.Debug|Any CPU.Build.0 = Debug|Any CPU
		{4E567894-B5D8-FB56-2500-332A92B8DC67}.Release|Any CPU.ActiveCfg = Release|Any CPU
		{4E567894-B5D8-FB56-2500-332A92B8DC67}.Release|Any CPU.Build.0 = Release|Any CPU
		{84525CCD-5BEB-7AC5-8261-D6A442E6C235}.Debug|Any CPU.ActiveCfg = Debug|Any CPU
		{84525CCD-5BEB-7AC5-8261-D6A442E6C235}.Debug|Any CPU.Build.0 = Debug|Any CPU
		{84525CCD-5BEB-7AC5-8261-D6A442E6C235}.Release|Any CPU.ActiveCfg = Release|Any CPU
		{84525CCD-5BEB-7AC5-8261-D6A442E6C235}.Release|Any CPU.Build.0 = Release|Any CPU
		{688E075E-45F6-F952-A5FB-DBC2DF690376}.Debug|Any CPU.ActiveCfg = Debug|Any CPU
		{688E075E-45F6-F952-A5FB-DBC2DF690376}.Debug|Any CPU.Build.0 = Debug|Any CPU
		{688E075E-45F6-F952-A5FB-DBC2DF690376}.Release|Any CPU.ActiveCfg = Release|Any CPU
		{688E075E-45F6-F952-A5FB-DBC2DF690376}.Release|Any CPU.Build.0 = Release|Any CPU
	EndGlobalSection
	GlobalSection(SolutionProperties) = preSolution
		HideSolutionNode = FALSE
	EndGlobalSection
EndGlobal
